<?xml version="1.0" encoding="utf-8"?>
<Project ToolsVersion="4.0" xmlns="http://schemas.microsoft.com/developer/msbuild/2003">
  <ItemGroup>
    <Filter Include="win32">
      <UniqueIdentifier>{84a8ebd7-7cf0-47f6-b75e-d441df67da40}</UniqueIdentifier>
    </Filter>
    <Filter Include="resource">
      <UniqueIdentifier>{715254bc-d70b-4ec5-bf29-467dd3ace079}</UniqueIdentifier>
    </Filter>
    <Filter Include="src">
      <UniqueIdentifier>{bb6c862e-70e9-49d9-81b7-3829a6f50471}</UniqueIdentifier>
    </Filter>
    <Filter Include="magic_particles">
      <UniqueIdentifier>{405f4032-fd7f-4d3d-9fae-850af12f93f7}</UniqueIdentifier>
    </Filter>
    <Filter Include="magic_particles\_core">
      <UniqueIdentifier>{958df401-3867-47cd-b9e9-4059cf68549f}</UniqueIdentifier>
    </Filter>
    <Filter Include="magic_particles\opengl">
      <UniqueIdentifier>{68046623-7b48-43b9-af7f-2551f418d7b1}</UniqueIdentifier>
    </Filter>
    <Filter Include="debugging">
      <UniqueIdentifier>{d1b6699f-dd60-4ceb-88d5-2cffead87f64}</UniqueIdentifier>
    </Filter>
    <Filter Include="utilities">
      <UniqueIdentifier>{aaa63dd2-44da-458f-933c-0822f588eafc}</UniqueIdentifier>
    </Filter>
  </ItemGroup>
  <ItemGroup>
    <ClCompile Include="main.cpp">
      <Filter>win32</Filter>
    </ClCompile>
    <ClCompile Include="..\Classes\AppDelegate.cpp" />
    <ClCompile Include="..\Classes\GameLayer.cpp" />
    <ClCompile Include="..\Classes\Beatup.cpp" />
    <ClCompile Include="..\Classes\SoundEngine.cpp" />
    <ClCompile Include="..\Classes\Clock.cpp" />
    <ClCompile Include="..\Classes\Buyable.cpp" />
    <ClCompile Include="..\Classes\DataManager.cpp" />
    <ClCompile Include="..\Classes\ProgressBar.cpp" />
    <ClCompile Include="..\Classes\ShatterNode.cpp" />
    <ClCompile Include="..\Classes\Alert.cpp" />
    <ClCompile Include="..\Classes\Util.cpp" />
    <ClCompile Include="..\Classes\FShake.cpp" />
    <ClCompile Include="..\Classes\attr_effect.cpp" />
    <ClCompile Include="..\Classes\attribute.cpp" />
    <ClCompile Include="..\Classes\attribute_container.cpp" />
    <ClCompile Include="..\Classes\FileOperation.cpp" />
    <ClCompile Include="..\Classes\combat.cpp" />
    <ClCompile Include="..\Classes\HouseBuilding.cpp" />
    <ClCompile Include="..\Classes\Recipe.cpp" />
    <ClCompile Include="..\Classes\Worker.cpp" />
    <ClCompile Include="..\Classes\NuMenu.cpp" />
    <ClCompile Include="..\Classes\StaticData.cpp" />
    <ClCompile Include="..\Classes\Harvestable.cpp" />
    <ClCompile Include="..\Classes\HarvestScene.cpp" />
    <ClCompile Include="..\Classes\GameLogic.cpp" />
    <ClCompile Include="..\Classes\MiscUI.cpp" />
    <ClCompile Include="..\Classes\Network.cpp" />
    <ClCompile Include="..\Classes\Updateable.cpp" />
    <ClCompile Include="..\Classes\Fighter.cpp" />
    <ClCompile Include="..\Classes\BuildingsSideBar.cpp" />
    <ClCompile Include="..\Classes\Visitors.cpp" />
    <ClCompile Include="..\Classes\Technology.cpp" />
    <ClCompile Include="..\Classes\Serializer.cpp" />
    <ClCompile Include="..\Classes\Modal.cpp" />
    <ClCompile Include="..\Classes\Logging.cpp" />
    <ClCompile Include="..\Classes\Item.cpp" />
    <ClCompile Include="..\Classes\magic_particles\MagicEmitter.cpp">
      <Filter>magic_particles</Filter>
    </ClCompile>
    <ClCompile Include="..\Classes\magic_particles\mp_cocos.cpp">
      <Filter>magic_particles</Filter>
    </ClCompile>
    <ClCompile Include="..\Classes\magic_particles\platform_cocos.cpp">
      <Filter>magic_particles</Filter>
    </ClCompile>
    <ClCompile Include="..\Classes\magic_particles\_core\mp.cpp">
      <Filter>magic_particles\_core</Filter>
    </ClCompile>
    <ClCompile Include="..\Classes\magic_particles\_core\platform_win_posix.cpp">
      <Filter>magic_particles\_core</Filter>
    </ClCompile>
    <ClCompile Include="..\Classes\magic_particles\opengl\image_loader.cpp">
      <Filter>magic_particles\opengl</Filter>
    </ClCompile>
    <ClCompile Include="..\Classes\magic_particles\opengl\mp_wrap.cpp">
      <Filter>magic_particles\opengl</Filter>
    </ClCompile>
    <ClCompile Include="..\Classes\Miner.cpp" />
    <ClCompile Include="..\Classes\NodeBuilder.cpp" />
    <ClCompile Include="..\Classes\ItemScene.cpp" />
    <ClCompile Include="..\Classes\Equipment.cpp" />
    <ClCompile Include="..\Classes\Ingredients.cpp" />
    <ClCompile Include="..\Classes\debugging\ActionPanel.cpp">
      <Filter>debugging</Filter>
    </ClCompile>
    <ClCompile Include="..\Classes\HarvestableManager.cpp" />
    <ClCompile Include="..\Classes\Tutorial.cpp" />
    <ClCompile Include="..\Classes\utilities\vibration.cpp">
      <Filter>utilities</Filter>
    </ClCompile>
  </ItemGroup>
  <ItemGroup>
    <ClInclude Include="main.h">
      <Filter>win32</Filter>
    </ClInclude>
    <ClInclude Include="..\Classes\AppDelegate.h" />
    <ClInclude Include="..\Classes\GameLayer.h" />
    <ClInclude Include="..\Classes\constants.h" />
    <ClInclude Include="..\Classes\Beatup.h" />
    <ClInclude Include="..\Classes\SoundEngine.h" />
    <ClInclude Include="..\Classes\Clock.h" />
    <ClInclude Include="..\Classes\Buyable.h" />
    <ClInclude Include="..\Classes\DataManager.h" />
    <ClInclude Include="..\Classes\ProgressBar.h" />
    <ClInclude Include="..\Classes\RandomWeightMap.h" />
    <ClInclude Include="..\Classes\ShatterNode.h" />
    <ClInclude Include="..\Classes\Alert.h" />
    <ClInclude Include="..\Classes\Util.h" />
    <ClInclude Include="..\Classes\FShake.h" />
    <ClInclude Include="..\Classes\attr_effect.h" />
    <ClInclude Include="..\Classes\attribute.h" />
    <ClInclude Include="..\Classes\attribute_container.h" />
    <ClInclude Include="..\Classes\attributes_t.h" />
    <ClInclude Include="..\Classes\elements_t.h" />
    <ClInclude Include="..\Classes\FileOperation.h" />
    <ClInclude Include="..\Classes\combat.h" />
    <ClInclude Include="..\Classes\HouseBuilding.h" />
    <ClInclude Include="..\Classes\Recipe.h" />
    <ClInclude Include="..\Classes\targetver.h" />
    <ClInclude Include="..\Classes\Worker.h" />
    <ClInclude Include="..\Classes\NuMenu.h" />
    <ClInclude Include="..\Classes\StaticData.h" />
    <ClInclude Include="..\Classes\Harvestable.h" />
    <ClInclude Include="..\Classes\Nameable.h" />
    <ClInclude Include="..\Classes\HarvestScene.h" />
    <ClInclude Include="..\Classes\GameLogic.h" />
    <ClInclude Include="..\Classes\MiscUI.h" />
    <ClInclude Include="..\Classes\Network.h" />
    <ClInclude Include="..\Classes\Updateable.h" />
    <ClInclude Include="..\Classes\Fighter.h" />
    <ClInclude Include="..\Classes\BuildingsSideBar.h" />
    <ClInclude Include="..\Classes\Visitors.h" />
    <ClInclude Include="..\Classes\Technology.h" />
    <ClInclude Include="..\Classes\SubTypes.h" />
    <ClInclude Include="..\Classes\Serializer.h" />
    <ClInclude Include="..\Classes\Modal.h" />
    <ClInclude Include="..\Classes\external\easylogging.h" />
    <ClInclude Include="..\Classes\Logging.h" />
    <ClInclude Include="..\Classes\Item.h" />
    <ClInclude Include="..\Classes\magic_particles\MagicEmitter.h">
      <Filter>magic_particles</Filter>
    </ClInclude>
    <ClInclude Include="..\Classes\magic_particles\mp_cocos.h">
      <Filter>magic_particles</Filter>
    </ClInclude>
    <ClInclude Include="..\Classes\magic_particles\platform_cocos.h">
      <Filter>magic_particles</Filter>
    </ClInclude>
    <ClInclude Include="..\Classes\magic_particles\_core\magic.h">
      <Filter>magic_particles\_core</Filter>
    </ClInclude>
    <ClInclude Include="..\Classes\magic_particles\_core\mp.h">
      <Filter>magic_particles\_core</Filter>
    </ClInclude>
    <ClInclude Include="..\Classes\magic_particles\_core\platform_win_posix.h">
      <Filter>magic_particles\_core</Filter>
    </ClInclude>
    <ClInclude Include="..\Classes\magic_particles\opengl\mp_config.h">
      <Filter>magic_particles\opengl</Filter>
    </ClInclude>
    <ClInclude Include="..\Classes\magic_particles\opengl\mp_wrap.h">
      <Filter>magic_particles\opengl</Filter>
    </ClInclude>
    <ClInclude Include="..\Classes\magic_particles\opengl\stb_image.h">
      <Filter>magic_particles\opengl</Filter>
    </ClInclude>
    <ClInclude Include="..\Classes\magic_particles\opengl\glcorearb.h">
      <Filter>magic_particles\opengl</Filter>
    </ClInclude>
    <ClInclude Include="..\Classes\magic_particles\opengl\glext.h">
      <Filter>magic_particles\opengl</Filter>
    </ClInclude>
    <ClInclude Include="..\Classes\magic_particles\opengl\glxext.h">
      <Filter>magic_particles\opengl</Filter>
    </ClInclude>
    <ClInclude Include="..\Classes\magic_particles\opengl\wglext.h">
      <Filter>magic_particles\opengl</Filter>
    </ClInclude>
    <ClInclude Include="..\Classes\Miner.h" />
    <ClInclude Include="..\Classes\NodeBuilder.h" />
    <ClInclude Include="..\Classes\ItemScene.h" />
    <ClInclude Include="..\Classes\Equipment.h" />
    <ClInclude Include="..\Classes\Ingredients.h" />
    <ClInclude Include="..\Classes\debugging\ActionPanel.h">
      <Filter>debugging</Filter>
    </ClInclude>
    <ClInclude Include="..\Classes\HarvestableManager.h" />
    <ClInclude Include="..\Classes\Tutorial.h" />
    <ClInclude Include="..\Classes\utilities\vibration.h">
      <Filter>utilities</Filter>
    </ClInclude>
  </ItemGroup>
  <ItemGroup>
    <ResourceCompile Include="game.rc">
      <Filter>resource</Filter>
    </ResourceCompile>
  </ItemGroup>
</Project>